
Microsoft Visual Studio Solution File, Format Version 12.00
# Visual Studio Version 17
VisualStudioVersion = 17.1.32421.90
MinimumVisualStudioVersion = 10.0.40219.1
Project("{FAE04EC0-301F-11D3-BF4B-00C04F79EFBC}") = "demoapp", "demoapp\demoapp.csproj", "{F36D4136-2256-4C2C-8029-3227D7CBD3BE}"
EndProject
Global
	GlobalSection(SolutionConfigurationPlatforms) = preSolution
		Debug|Any CPU = Debug|Any CPU
		Release|Any CPU = Release|Any CPU
	EndGlobalSection
	GlobalSection(ProjectConfigurationPlatforms) = postSolution
		{F36D4136-2256-4C2C-8029-3227D7CBD3BE}.Debug|Any CPU.ActiveCfg = Debug|Any CPU
		{F36D4136-2256-4C2C-8029-3227D7CBD3BE}.Debug|Any CPU.Build.0 = Debug|Any CPU
		{F36D4136-2256-4C2C-8029-3227D7CBD3BE}.Release|Any CPU.ActiveCfg = Release|Any CPU
		{F36D4136-2256-4C2C-8029-3227D7CBD3BE}.Release|Any CPU.Build.0 = Release|Any CPU
	EndGlobalSection
	GlobalSection(SolutionProperties) = preSolution
		HideSolutionNode = FALSE
	EndGlobalSection
	GlobalSection(ExtensibilityGlobals) = postSolution
		SolutionGuid = {1C52AB81-5311-42A1-943B-CC47DDC9D02B}
	EndGlobalSection
EndGlobal
